# Generated with dmenv 0.20.0, python 3.8.0, on Linux
alabaster==0.7.12
appdirs==1.4.3
atomicwrites==1.2.1
attrs==18.2.0
Babel==2.6.0
black==18.9b0 ; python_version >= "3.6"
bleach==3.0.2
certifi==2018.11.29
chardet==3.0.4
Click==7.0
codecov==2.0.15
colorama==0.4.1
coverage==4.5.3
docutils==0.14
ghp-import==0.5.5
idna==2.7
imagesize==1.1.0
Jinja2==2.10
MarkupSafe==1.1.0
more-itertools==4.3.0
mypy-extensions==0.4.1
mypy==0.740
packaging==18.0
pip==19.3.1
pkginfo==1.4.2
pluggy==0.8.0
py==1.7.0
pyflakes==2.0.0
Pygments==2.3.0
pyparsing==2.3.0
pytest-cov==2.7.1
pytest==4.0.1
pytz==2018.7
readme-renderer==24.0
requests-toolbelt==0.8.0
requests==2.20.1
setuptools==41.0.0
six==1.11.0
snowballstemmer==1.2.1
Sphinx==1.8.2
sphinxcontrib-websupport==1.1.0
tabulate==0.8.3
toml==0.10.0
tqdm==4.28.1
twine==1.12.1
typed-ast==1.3.1
typing-extensions==3.7.4.1
Unidecode==1.0.23
urllib3==1.24.1
webencodings==0.5.1
wheel==0.33.1
